
Microsoft Visual Studio Solution File, Format Version 12.00
# Visual Studio Version 16
VisualStudioVersion = 16.0.29709.97
MinimumVisualStudioVersion = 10.0.40219.1
Project("{FAE04EC0-301F-11D3-BF4B-00C04F79EFBC}") = "SnakeuriSiLaderuri", "SnakeuriSiLaderuri.csproj", "{30383F9F-1890-4EAA-9D80-9F196C4FE8D4}"
EndProject
Global
	GlobalSection(SolutionConfigurationPlatforms) = preSolution
		Debug|Any CPU = Debug|Any CPU
		Release|Any CPU = Release|Any CPU
	EndGlobalSection
	GlobalSection(ProjectConfigurationPlatforms) = postSolution
		{30383F9F-1890-4EAA-9D80-9F196C4FE8D4}.Debug|Any CPU.ActiveCfg = Debug|Any CPU
		{30383F9F-1890-4EAA-9D80-9F196C4FE8D4}.Debug|Any CPU.Build.0 = Debug|Any CPU
		{30383F9F-1890-4EAA-9D80-9F196C4FE8D4}.Release|Any CPU.ActiveCfg = Release|Any CPU
		{30383F9F-1890-4EAA-9D80-9F196C4FE8D4}.Release|Any CPU.Build.0 = Release|Any CPU
	EndGlobalSection
	GlobalSection(SolutionProperties) = preSolution
		HideSolutionNode = FALSE
	EndGlobalSection
	GlobalSection(ExtensibilityGlobals) = postSolution
		SolutionGuid = {6D5A0C43-8D93-4185-A39A-EE6D4FFF1295}
	EndGlobalSection
EndGlobal
